
Microsoft Visual Studio Solution File, Format Version 12.00
Project("{2150E333-8FDC-42A3-9474-1A3956D46DE8}") = "src", "src", "{4E97383C-B38E-461E-BA87-D70AB1B51E19}"
EndProject
Project("{2150E333-8FDC-42A3-9474-1A3956D46DE8}") = "Notissimus", "Notissimus", "{B05453C8-C0CD-411F-BAF6-689D01761EA2}"
EndProject
Project("{FAE04EC0-301F-11D3-BF4B-00C04F79EFBC}") = "Core", "src\Notissimus\Core\Core.csproj", "{D54E34C0-9AE4-4BB1-8B35-8FDE47E4357F}"
EndProject
Project("{FAE04EC0-301F-11D3-BF4B-00C04F79EFBC}") = "Persistence", "src\Notissimus\Persistence\Persistence.csproj", "{C6EBA686-F017-4154-A14C-A3CAC008A481}"
EndProject
Project("{FAE04EC0-301F-11D3-BF4B-00C04F79EFBC}") = "Application", "src\Notissimus\Application\Application.csproj", "{5F006A51-41AA-4AA3-9D4F-D68DE5413348}"
EndProject
Project("{2150E333-8FDC-42A3-9474-1A3956D46DE8}") = "Solution Items", "Solution Items", "{FD2E4331-F254-4CBE-ADF3-2DFF4772C860}"
	ProjectSection(SolutionItems) = preProject
		docker-compose.yml = docker-compose.yml
	EndProjectSection
EndProject
Project("{FAE04EC0-301F-11D3-BF4B-00C04F79EFBC}") = "WebApp", "src\Notissimus\WebApp\WebApp.csproj", "{B3DAD634-DE4F-4BCE-BA77-84731DA8A550}"
EndProject
Project("{2150E333-8FDC-42A3-9474-1A3956D46DE8}") = "Notissimus.Tests", "Notissimus.Tests", "{DE48DC50-BC3F-442C-8494-F84FBA67E8B7}"
EndProject
Project("{FAE04EC0-301F-11D3-BF4B-00C04F79EFBC}") = "Tests", "src\Notissimus.Tests\Tests\Tests.csproj", "{00FA9BF7-B0FA-49F0-9D06-DD86272F5A28}"
EndProject
Global
	GlobalSection(SolutionConfigurationPlatforms) = preSolution
		Debug|Any CPU = Debug|Any CPU
		Release|Any CPU = Release|Any CPU
	EndGlobalSection
	GlobalSection(ProjectConfigurationPlatforms) = postSolution
		{D54E34C0-9AE4-4BB1-8B35-8FDE47E4357F}.Debug|Any CPU.ActiveCfg = Debug|Any CPU
		{D54E34C0-9AE4-4BB1-8B35-8FDE47E4357F}.Debug|Any CPU.Build.0 = Debug|Any CPU
		{D54E34C0-9AE4-4BB1-8B35-8FDE47E4357F}.Release|Any CPU.ActiveCfg = Release|Any CPU
		{D54E34C0-9AE4-4BB1-8B35-8FDE47E4357F}.Release|Any CPU.Build.0 = Release|Any CPU
		{C6EBA686-F017-4154-A14C-A3CAC008A481}.Debug|Any CPU.ActiveCfg = Debug|Any CPU
		{C6EBA686-F017-4154-A14C-A3CAC008A481}.Debug|Any CPU.Build.0 = Debug|Any CPU
		{C6EBA686-F017-4154-A14C-A3CAC008A481}.Release|Any CPU.ActiveCfg = Release|Any CPU
		{C6EBA686-F017-4154-A14C-A3CAC008A481}.Release|Any CPU.Build.0 = Release|Any CPU
		{5F006A51-41AA-4AA3-9D4F-D68DE5413348}.Debug|Any CPU.ActiveCfg = Debug|Any CPU
		{5F006A51-41AA-4AA3-9D4F-D68DE5413348}.Debug|Any CPU.Build.0 = Debug|Any CPU
		{5F006A51-41AA-4AA3-9D4F-D68DE5413348}.Release|Any CPU.ActiveCfg = Release|Any CPU
		{5F006A51-41AA-4AA3-9D4F-D68DE5413348}.Release|Any CPU.Build.0 = Release|Any CPU
		{B3DAD634-DE4F-4BCE-BA77-84731DA8A550}.Debug|Any CPU.ActiveCfg = Debug|Any CPU
		{B3DAD634-DE4F-4BCE-BA77-84731DA8A550}.Debug|Any CPU.Build.0 = Debug|Any CPU
		{B3DAD634-DE4F-4BCE-BA77-84731DA8A550}.Release|Any CPU.ActiveCfg = Release|Any CPU
		{B3DAD634-DE4F-4BCE-BA77-84731DA8A550}.Release|Any CPU.Build.0 = Release|Any CPU
		{00FA9BF7-B0FA-49F0-9D06-DD86272F5A28}.Debug|Any CPU.ActiveCfg = Debug|Any CPU
		{00FA9BF7-B0FA-49F0-9D06-DD86272F5A28}.Debug|Any CPU.Build.0 = Debug|Any CPU
		{00FA9BF7-B0FA-49F0-9D06-DD86272F5A28}.Release|Any CPU.ActiveCfg = Release|Any CPU
		{00FA9BF7-B0FA-49F0-9D06-DD86272F5A28}.Release|Any CPU.Build.0 = Release|Any CPU
	EndGlobalSection
	GlobalSection(NestedProjects) = preSolution
		{B05453C8-C0CD-411F-BAF6-689D01761EA2} = {4E97383C-B38E-461E-BA87-D70AB1B51E19}
		{D54E34C0-9AE4-4BB1-8B35-8FDE47E4357F} = {B05453C8-C0CD-411F-BAF6-689D01761EA2}
		{C6EBA686-F017-4154-A14C-A3CAC008A481} = {B05453C8-C0CD-411F-BAF6-689D01761EA2}
		{5F006A51-41AA-4AA3-9D4F-D68DE5413348} = {B05453C8-C0CD-411F-BAF6-689D01761EA2}
		{B3DAD634-DE4F-4BCE-BA77-84731DA8A550} = {B05453C8-C0CD-411F-BAF6-689D01761EA2}
		{DE48DC50-BC3F-442C-8494-F84FBA67E8B7} = {4E97383C-B38E-461E-BA87-D70AB1B51E19}
		{00FA9BF7-B0FA-49F0-9D06-DD86272F5A28} = {DE48DC50-BC3F-442C-8494-F84FBA67E8B7}
	EndGlobalSection
EndGlobal
